
Microsoft Visual Studio Solution File, Format Version 12.00
# Visual Studio Version 17
VisualStudioVersion = 17.0.32014.148
MinimumVisualStudioVersion = 10.0.40219.1
Project("{FAE04EC0-301F-11D3-BF4B-00C04F79EFBC}") = "SplatoonCSharp", "SplatoonCSharp\SplatoonCSharp.csproj", "{87F838D7-744F-413A-9A19-A9A6A8082040}"
EndProject
Global
	GlobalSection(SolutionConfigurationPlatforms) = preSolution
		Debug|Any CPU = Debug|Any CPU
		Release|Any CPU = Release|Any CPU
	EndGlobalSection
	GlobalSection(ProjectConfigurationPlatforms) = postSolution
		{87F838D7-744F-413A-9A19-A9A6A8082040}.Debug|Any CPU.ActiveCfg = Debug|Any CPU
		{87F838D7-744F-413A-9A19-A9A6A8082040}.Debug|Any CPU.Build.0 = Debug|Any CPU
		{87F838D7-744F-413A-9A19-A9A6A8082040}.Release|Any CPU.ActiveCfg = Release|Any CPU
		{87F838D7-744F-413A-9A19-A9A6A8082040}.Release|Any CPU.Build.0 = Release|Any CPU
	EndGlobalSection
	GlobalSection(SolutionProperties) = preSolution
		HideSolutionNode = FALSE
	EndGlobalSection
	GlobalSection(ExtensibilityGlobals) = postSolution
		SolutionGuid = {81A225E3-DF8F-4842-A7F4-79DD421FA428}
	EndGlobalSection
EndGlobal
